{
  "name": "division-face",
  "version": "1.0.1",
  "lockfileVersion": 3,
  "requires": true,
  "packages": {
    "": {
      "name": "division-face",
      "version": "1.0.1",
      "dependencies": {
        "@moddable/pebbleproxy": "^0.1.8",
        "@rebble/clay": "^1.0.10"
      }
    },
    "node_modules/@moddable/pebbleproxy": {
      "version": "0.1.8",
      "resolved": "https://registry.npmjs.org/@moddable/pebbleproxy/-/pebbleproxy-0.1.8.tgz",
      "integrity": "sha512-Y378u0vM71eskflKOa8xTZ0oVOyJbDRBScZiR1uez+RP5u1KOocBrL+bEShOjVkipfVZNlQnC5DGpzSJhX6O7g==",
      "license": "LGPL-3.0-or-later"
    },
    "node_modules/@rebble/clay": {
      "version": "1.0.10",
      "resolved": "https://registry.npmjs.org/@rebble/clay/-/clay-1.0.10.tgz",
      "integrity": "sha512-84EL9J6egrnWk/FzqCxRa9/vqO4fx7SBxdttthLEpBro+FVqUg+rMlqOzT8+zl4PkBQKAWdnqHwlHaS4heiXKg==",
      "license": "MIT"
    }
  }
}
